
Microsoft Visual Studio Solution File, Format Version 12.00
# Visual Studio Version 16
VisualStudioVersion = 16.0.29509.3
MinimumVisualStudioVersion = 10.0.40219.1
Project("{FAE04EC0-301F-11D3-BF4B-00C04F79EFBC}") = "BlazorFiddleProject", "BlazorFiddleProject\BlazorFiddleProject.csproj", "{E439087E-C80F-45F4-B977-A4FA257595ED}"
EndProject
Global
	GlobalSection(SolutionConfigurationPlatforms) = preSolution
		Debug|Any CPU = Debug|Any CPU
		Release|Any CPU = Release|Any CPU
	EndGlobalSection
	GlobalSection(ProjectConfigurationPlatforms) = postSolution
		{E439087E-C80F-45F4-B977-A4FA257595ED}.Debug|Any CPU.ActiveCfg = Debug|Any CPU
		{E439087E-C80F-45F4-B977-A4FA257595ED}.Debug|Any CPU.Build.0 = Debug|Any CPU
		{E439087E-C80F-45F4-B977-A4FA257595ED}.Release|Any CPU.ActiveCfg = Release|Any CPU
		{E439087E-C80F-45F4-B977-A4FA257595ED}.Release|Any CPU.Build.0 = Release|Any CPU
	EndGlobalSection
	GlobalSection(SolutionProperties) = preSolution
		HideSolutionNode = FALSE
	EndGlobalSection
	GlobalSection(ExtensibilityGlobals) = postSolution
		SolutionGuid = {F4FF4438-319F-4378-947D-3EEDF5F9E120}
	EndGlobalSection
EndGlobal
